
Microsoft Visual Studio Solution File, Format Version 12.00
# Visual Studio 15
VisualStudioVersion = 15.0.26228.12
MinimumVisualStudioVersion = 10.0.40219.1
Project("{FAE04EC0-301F-11D3-BF4B-00C04F79EFBC}") = "BankApp", "BankApp\BankApp.csproj", "{7799951B-7FFD-47FE-B1C6-937ACF463097}"
EndProject
Project("{FAE04EC0-301F-11D3-BF4B-00C04F79EFBC}") = "NUnit.BankTests", "NUnit.BankTests\NUnit.BankTests.csproj", "{8EDF4429-251A-416D-BB68-93F227191BCF}"
EndProject
Project("{FAE04EC0-301F-11D3-BF4B-00C04F79EFBC}") = "MySelenium.Tests", "MySelenium.Tests\MySelenium.Tests.csproj", "{4998881A-79A8-4FD2-8842-FBE7D521AE6A}"
EndProject
Global
	GlobalSection(SolutionConfigurationPlatforms) = preSolution
		Debug|Any CPU = Debug|Any CPU
		Release|Any CPU = Release|Any CPU
	EndGlobalSection
	GlobalSection(ProjectConfigurationPlatforms) = postSolution
		{7799951B-7FFD-47FE-B1C6-937ACF463097}.Debug|Any CPU.ActiveCfg = Debug|Any CPU
		{7799951B-7FFD-47FE-B1C6-937ACF463097}.Debug|Any CPU.Build.0 = Debug|Any CPU
		{7799951B-7FFD-47FE-B1C6-937ACF463097}.Release|Any CPU.ActiveCfg = Release|Any CPU
		{7799951B-7FFD-47FE-B1C6-937ACF463097}.Release|Any CPU.Build.0 = Release|Any CPU
		{8EDF4429-251A-416D-BB68-93F227191BCF}.Debug|Any CPU.ActiveCfg = Debug|Any CPU
		{8EDF4429-251A-416D-BB68-93F227191BCF}.Debug|Any CPU.Build.0 = Debug|Any CPU
		{8EDF4429-251A-416D-BB68-93F227191BCF}.Release|Any CPU.ActiveCfg = Release|Any CPU
		{8EDF4429-251A-416D-BB68-93F227191BCF}.Release|Any CPU.Build.0 = Release|Any CPU
		{4998881A-79A8-4FD2-8842-FBE7D521AE6A}.Debug|Any CPU.ActiveCfg = Debug|Any CPU
		{4998881A-79A8-4FD2-8842-FBE7D521AE6A}.Debug|Any CPU.Build.0 = Debug|Any CPU
		{4998881A-79A8-4FD2-8842-FBE7D521AE6A}.Release|Any CPU.ActiveCfg = Release|Any CPU
		{4998881A-79A8-4FD2-8842-FBE7D521AE6A}.Release|Any CPU.Build.0 = Release|Any CPU
	EndGlobalSection
	GlobalSection(SolutionProperties) = preSolution
		HideSolutionNode = FALSE
	EndGlobalSection
EndGlobal
